
Microsoft Visual Studio Solution File, Format Version 12.00
# Visual Studio Version 17
VisualStudioVersion = 17.9.34607.119
MinimumVisualStudioVersion = 10.0.40219.1
Project("{9A19103F-16F7-4668-BE54-9A1E7A4F7556}") = "LabMooGame", "LabMooGame.csproj", "{3F6402ED-7F7A-49AD-8AE0-4890187792CB}"
EndProject
Project("{9A19103F-16F7-4668-BE54-9A1E7A4F7556}") = "LabMooGameTests", "..\LabMooGameTests\LabMooGameTests.csproj", "{75A71D05-D0BB-4725-B4A4-0B1D0EF8CB6E}"
EndProject
Project("{FAE04EC0-301F-11D3-BF4B-00C04F79EFBC}") = "TestProject1", "..\TestProject1\TestProject1.csproj", "{23B88B92-7BC0-4442-BDA7-E13F7664A7E8}"
EndProject
Global
	GlobalSection(SolutionConfigurationPlatforms) = preSolution
		Debug|Any CPU = Debug|Any CPU
		Release|Any CPU = Release|Any CPU
	EndGlobalSection
	GlobalSection(ProjectConfigurationPlatforms) = postSolution
		{3F6402ED-7F7A-49AD-8AE0-4890187792CB}.Debug|Any CPU.ActiveCfg = Debug|Any CPU
		{3F6402ED-7F7A-49AD-8AE0-4890187792CB}.Debug|Any CPU.Build.0 = Debug|Any CPU
		{3F6402ED-7F7A-49AD-8AE0-4890187792CB}.Release|Any CPU.ActiveCfg = Release|Any CPU
		{3F6402ED-7F7A-49AD-8AE0-4890187792CB}.Release|Any CPU.Build.0 = Release|Any CPU
		{75A71D05-D0BB-4725-B4A4-0B1D0EF8CB6E}.Debug|Any CPU.ActiveCfg = Debug|Any CPU
		{75A71D05-D0BB-4725-B4A4-0B1D0EF8CB6E}.Debug|Any CPU.Build.0 = Debug|Any CPU
		{75A71D05-D0BB-4725-B4A4-0B1D0EF8CB6E}.Release|Any CPU.ActiveCfg = Release|Any CPU
		{75A71D05-D0BB-4725-B4A4-0B1D0EF8CB6E}.Release|Any CPU.Build.0 = Release|Any CPU
		{23B88B92-7BC0-4442-BDA7-E13F7664A7E8}.Debug|Any CPU.ActiveCfg = Debug|Any CPU
		{23B88B92-7BC0-4442-BDA7-E13F7664A7E8}.Debug|Any CPU.Build.0 = Debug|Any CPU
		{23B88B92-7BC0-4442-BDA7-E13F7664A7E8}.Release|Any CPU.ActiveCfg = Release|Any CPU
		{23B88B92-7BC0-4442-BDA7-E13F7664A7E8}.Release|Any CPU.Build.0 = Release|Any CPU
	EndGlobalSection
	GlobalSection(SolutionProperties) = preSolution
		HideSolutionNode = FALSE
	EndGlobalSection
	GlobalSection(ExtensibilityGlobals) = postSolution
		SolutionGuid = {C90C04FF-6429-409C-B218-48AC2B1BF8ED}
	EndGlobalSection
EndGlobal
